{
  "name": "ai-sdk-exercise",
  "version": "1.0.0",
  "lockfileVersion": 3,
  "requires": true,
  "packages": {
    "": {
      "name": "ai-sdk-exercise",
      "version": "1.0.0",
      "dependencies": {
        "@ai-sdk/openai": "^1.0.0",
        "ai": "^4.0.0",
        "mongoose": "^8.7.0",
        "next": "14.2.5",
        "react": "^18.3.1",
        "react-dom": "^18.3.1",
        "zod": "^3.23.8"
      },
      "devDependencies": {
        "@types/node": "^20.14.0",
        "@types/react": "^18.3.0",
        "@types/react-dom": "^18.3.0",
        "tsx": "^4.16.0",
        "typescript": "^5.5.0"
      }
    },
    "node_modules/@ai-sdk/openai": {
      "version": "1.3.24",
      "resolved": "https://registry.npmjs.org/@ai-sdk/openai/-/openai-1.3.24.tgz",
      "integrity": "sha512-GYXnGJTHRTZc4gJMSmFRgEQudjqd4PUN0ZjQhPwOAYH1yOAvQoG/Ikqs+HyISRbLPCrhbZnPKCNHuRU4OfpW0Q==",
      "license": "Apache-2.0",
      "dependencies": {
        "@ai-sdk/provider": "1.1.3",
        "@ai-sdk/provider-utils": "2.2.8"
      },
      "engines": {
        "node": ">=18"
      },
      "peerDependencies": {
        "zod": "^3.0.0"
      }
    },
    "node_modules/@ai-sdk/provider": {
      "version": "1.1.3",
      "resolved": "https://registry.npmjs.org/@ai-sdk/provider/-/provider-1.1.3.tgz",
      "integrity": "sha512-qZMxYJ0qqX/RfnuIaab+zp8UAeJn/ygXXAffR5I4N0n1IrvA6qBsjc8hXLmBiMV2zoXlifkacF7sEFnYnjBcqg==",
      "license": "Apache-2.0",
      "dependencies": {
        "json-schema": "^0.4.0"
      },
      "engines": {
        "node": ">=18"
      }
    },
    "node_modules/@ai-sdk/provider-utils": {
      "version": "2.2.8",
      "resolved": "https://registry.npmjs.org/@ai-sdk/provider-utils/-/provider-utils-2.2.8.tgz",
      "integrity": "sha512-fqhG+4sCVv8x7nFzYnFo19ryhAa3w096Kmc3hWxMQfW/TubPOmt3A6tYZhl4mUfQWWQMsuSkLrtjlWuXBVSGQA==",
      "license": "Apache-2.0",
      "dependencies": {
        "@ai-sdk/provider": "1.1.3",
        "nanoid": "^3.3.8",
        "secure-json-parse": "^2.7.0"
      },
      "engines": {
        "node": ">=18"
      },
      "peerDependencies": {
        "zod": "^3.23.8"
      }
    },
    "node_modules/@ai-sdk/react": {
      "version": "1.2.12",
      "resolved": "https://registry.npmjs.org/@ai-sdk/react/-/react-1.2.12.tgz",
      "integrity": "sha512-jK1IZZ22evPZoQW3vlkZ7wvjYGYF+tRBKXtrcolduIkQ/m/sOAVcVeVDUDvh1T91xCnWCdUGCPZg2avZ90mv3g==",
      "license": "Apache-2.0",
      "dependencies": {
        "@ai-sdk/provider-utils": "2.2.8",
        "@ai-sdk/ui-utils": "1.2.11",
        "swr": "^2.2.5",
        "throttleit": "2.1.0"
      },
      "engines": {
        "node": ">=18"
      },
      "peerDependencies": {
        "react": "^18 || ^19 || ^19.0.0-rc",
        "zod": "^3.23.8"
      },
      "peerDependenciesMeta": {
        "zod": {
          "optional": true
        }
      }
    },
    "node_modules/@ai-sdk/ui-utils": {
      "version": "1.2.11",
      "resolved": "https://registry.npmjs.org/@ai-sdk/ui-utils/-/ui-utils-1.2.11.tgz",
      "integrity": "sha512-3zcwCc8ezzFlwp3ZD15wAPjf2Au4s3vAbKsXQVyhxODHcmu0iyPO2Eua6D/vicq/AUm/BAo60r97O6HU+EI0+w==",
      "license": "Apache-2.0",
      "dependencies": {
        "@ai-sdk/provider": "1.1.3",
        "@ai-sdk/provider-utils": "2.2.8",
        "zod-to-json-schema": "^3.24.1"
      },
      "engines": {
        "node": ">=18"
      },
      "peerDependencies": {
        "zod": "^3.23.8"
      }
    },
    "node_modules/@esbuild/aix-ppc64": {
      "version": "0.28.1",
      "resolved": "https://registry.npmjs.org/@esbuild/aix-ppc64/-/aix-ppc64-0.28.1.tgz",
      "integrity": "sha512-Svl7tq8k/08+p6CXPpRjQ1fKX+1odH/BQbb48fV6fj3CWHhsoIOoY87w1oHXm0qEpkIK3ZfVgp0hed3XBXzXMQ==",
      "cpu": [
        "ppc64"
      ],
      "dev": true,
      "license": "MIT",
      "optional": true,
      "os": [
        "aix"
      ],
      "engines": {
        "node": ">=18"
      }
    },
    "node_modules/@esbuild/android-arm": {
      "version": "0.28.1",
      "resolved": "https://registry.npmjs.org/@esbuild/android-arm/-/android-arm-0.28.1.tgz",
      "integrity": "sha512-0k2F129Xdio1TdJfzJ8sy1Q47vUD2NnwdhiAf7drUN1EBTfPf4hsFCtmMgu/6m8JSzsBrlmVjudMBQqOfG8usQ==",
      "cpu": [
        "arm"
      ],
      "dev": true,
      "license": "MIT",
      "optional": true,
      "os": [
        "android"
      ],
      "engines": {
        "node": ">=18"
      }
    },
    "node_modules/@esbuild/android-arm64": {
      "version": "0.28.1",
      "resolved": "https://registry.npmjs.org/@esbuild/android-arm64/-/android-arm64-0.28.1.tgz",
      "integrity": "sha512-34EGEbCIAgosYz6goLcopX6Mo7NyGv9tfwEM2/7Ce2VcVRk568iSvniGWcUXIy7wEDR1wzolcxcriFVrWYcwBg==",
      "cpu": [
        "arm64"
      ],
      "dev": true,
      "license": "MIT",
      "optional": true,
      "os": [
        "android"
      ],
      "engines": {
        "node": ">=18"
      }
    },
    "node_modules/@esbuild/android-x64": {
      "version": "0.28.1",
      "resolved": "https://registry.npmjs.org/@esbuild/android-x64/-/android-x64-0.28.1.tgz",
      "integrity": "sha512-dbwY7ltSMDWsRatcRpCnES4F+im88OCUgGZjy52shC7GqHRE/cYlxNbB4Z4UpJswpcc4Qxd2oE/ufM0p61IKng==",
      "cpu": [
        "x64"
      ],
      "dev": true,
      "license": "MIT",
      "optional": true,
      "os": [
        "android"
      ],
      "engines": {
        "node": ">=18"
      }
    },
    "node_modules/@esbuild/darwin-arm64": {
      "version": "0.28.1",
      "resolved": "https://registry.npmjs.org/@esbuild/darwin-arm64/-/darwin-arm64-0.28.1.tgz",
      "integrity": "sha512-TZbWkQY7kvTAXbXUT7uVACR5cMHsDiSz9z7ZKAX/RTq/WJEk3QyRr0wZpNhBDX+/0CtdqUIJlOiodQcta6tY3Q==",
      "cpu": [
        "arm64"
      ],
      "dev": true,
      "license": "MIT",
      "optional": true,
      "os": [
        "darwin"
      ],
      "engines": {
        "node": ">=18"
      }
    },
    "node_modules/@esbuild/darwin-x64": {
      "version": "0.28.1",
      "resolved": "https://registry.npmjs.org/@esbuild/darwin-x64/-/darwin-x64-0.28.1.tgz",
      "integrity": "sha512-zfdzgK9ACBNZLI/CyHTOx81SyNbM6YXn7rxSgX97VjyiPl9W1i4Ka4fgKECEoFCKGpvBj5qArWIGgQjOwkgskQ==",
      "cpu": [
        "x64"
      ],
      "dev": true,
      "license": "MIT",
      "optional": true,
      "os": [
        "darwin"
      ],
      "engines": {
        "node": ">=18"
      }
    },
    "node_modules/@esbuild/freebsd-arm64": {
      "version": "0.28.1",
      "resolved": "https://registry.npmjs.org/@esbuild/freebsd-arm64/-/freebsd-arm64-0.28.1.tgz",
      "integrity": "sha512-wG2EA8ENdEI0qhkSZMjfqrdY+ziCYCPMmtZjjIwOmXFjmyzEHn+UUxk5of+SYsjtfs3VpnlC7QLzSI5hY/rOAw==",
      "cpu": [
        "arm64"
      ],
      "dev": true,
      "license": "MIT",
      "optional": true,
      "os": [
        "freebsd"
      ],
      "engines": {
        "node": ">=18"
      }
    },
    "node_modules/@esbuild/freebsd-x64": {
      "version": "0.28.1",
      "resolved": "https://registry.npmjs.org/@esbuild/freebsd-x64/-/freebsd-x64-0.28.1.tgz",
      "integrity": "sha512-i7dZ9vQgnvSCzi/rYCXNgtF/U+eKZNJBzu3eTQbRgHnM7tNSizLOkRFAl3qzVc/Op/u5YkHHa4pf/3DOYHthLQ==",
      "cpu": [
        "x64"
      ],
      "dev": true,
      "license": "MIT",
      "optional": true,
      "os": [
        "freebsd"
      ],
      "engines": {
        "node": ">=18"
      }
    },
    "node_modules/@esbuild/linux-arm": {
      "version": "0.28.1",
      "resolved": "https://registry.npmjs.org/@esbuild/linux-arm/-/linux-arm-0.28.1.tgz",
      "integrity": "sha512-qVXBOHQS+d5Y722GwJzJUtOLlX7km3CraOaGormF1pDtPd2C/l1SHRPgjLunLGe51Sh5YYWKMFDyV4SxgMQYTQ==",
      "cpu": [
        "arm"
      ],
      "dev": true,
      "license": "MIT",
      "optional": true,
      "os": [
        "linux"
      ],
      "engines": {
        "node": ">=18"
      }
    },
    "node_modules/@esbuild/linux-arm64": {
      "version": "0.28.1",
      "resolved": "https://registry.npmjs.org/@esbuild/linux-arm64/-/linux-arm64-0.28.1.tgz",
      "integrity": "sha512-yHs+0uc8+nvEAfAfxrWQKK5peSNzBc4PegcMO0EJ2hT71uA7vB8Ihg2e77R2P7SG5uYjPbHlLLmve4LLLRCf0g==",
      "cpu": [
        "arm64"
      ],
      "dev": true,
      "license": "MIT",
      "optional": true,
      "os": [
        "linux"
      ],
      "engines": {
        "node": ">=18"
      }
    },
    "node_modules/@esbuild/linux-ia32": {
      "version": "0.28.1",
      "resolved": "https://registry.npmjs.org/@esbuild/linux-ia32/-/linux-ia32-0.28.1.tgz",
      "integrity": "sha512-d1z4ZuP0ajrfz/FhGT4vv278rX8KnPPJx8i5+AtK7TYbx9Le9F1hyzurZpkEyjkGa9dUGhQow4C1NmeGvqxN2w==",
      "cpu": [
        "ia32"
      ],
      "dev": true,
      "license": "MIT",
      "optional": true,
      "os": [
        "linux"
      ],
      "engines": {
        "node": ">=18"
      }
    },
    "node_modules/@esbuild/linux-loong64": {
      "version": "0.28.1",
      "resolved": "https://registry.npmjs.org/@esbuild/linux-loong64/-/linux-loong64-0.28.1.tgz",
      "integrity": "sha512-M5sRjUVZrkm1OAPR3dlOYzNmN+loZKGVi1VUQGrwuqLcbR6qeAz+famMhjASeH3YVKvZz+zT1jlh/keC3Rj/lg==",
      "cpu": [
        "loong64"
      ],
      "dev": true,
      "license": "MIT",
      "optional": true,
      "os": [
        "linux"
      ],
      "engines": {
        "node": ">=18"
      }
    },
    "node_modules/@esbuild/linux-mips64el": {
      "version": "0.28.1",
      "resolved": "https://registry.npmjs.org/@esbuild/linux-mips64el/-/linux-mips64el-0.28.1.tgz",
      "integrity": "sha512-mRObBZeHh2OxcBFPWE/FjylkRgZdYuiTR3vaTozquCGOH14iP9oN4x4Ge81CoIDYQrXmIxpFumJBu5MtZpnQJQ==",
      "cpu": [
        "mips64el"
      ],
      "dev": true,
      "license": "MIT",
      "optional": true,
      "os": [
        "linux"
      ],
      "engines": {
        "node": ">=18"
      }
    },
    "node_modules/@esbuild/linux-ppc64": {
      "version": "0.28.1",
      "resolved": "https://registry.npmjs.org/@esbuild/linux-ppc64/-/linux-ppc64-0.28.1.tgz",
      "integrity": "sha512-slScBsMAb3GFDcdrCgLwZtPYRoH2H/youv10QiZyRjmsP48fznoveWytSgCI/R0ZcUgpc0ZhIUEx6LHts8yrfQ==",
      "cpu": [
        "ppc64"
      ],
      "dev": true,
      "license": "MIT",
      "optional": true,
      "os": [
        "linux"
      ],
      "engines": {
        "node": ">=18"
      }
    },
    "node_modules/@esbuild/linux-riscv64": {
      "version": "0.28.1",
      "resolved": "https://registry.npmjs.org/@esbuild/linux-riscv64/-/linux-riscv64-0.28.1.tgz",
      "integrity": "sha512-kw0owk1o0GFETUJyW0jc0G4Yzs0BHZn0JDZ8JRT088vjJYX777BAs1fDGxAC+q831qOs2DTC96mNsG2opdfyyQ==",
      "cpu": [
        "riscv64"
      ],
      "dev": true,
      "license": "MIT",
      "optional": true,
      "os": [
        "linux"
      ],
      "engines": {
        "node": ">=18"
      }
    },
    "node_modules/@esbuild/linux-s390x": {
      "version": "0.28.1",
      "resolved": "https://registry.npmjs.org/@esbuild/linux-s390x/-/linux-s390x-0.28.1.tgz",
      "integrity": "sha512-/lAIjX8aYFRByhh6L5rYtPEDRqa9de/4V/juOXcta5frjvzXO4/sqEtyytse0g3zZFuWu5cDN0MkLz2qRDD2Ag==",
      "cpu": [
        "s390x"
      ],
      "dev": true,
      "license": "MIT",
      "optional": true,
      "os": [
        "linux"
      ],
      "engines": {
        "node": ">=18"
      }
    },
    "node_modules/@esbuild/linux-x64": {
      "version": "0.28.1",
      "resolved": "https://registry.npmjs.org/@esbuild/linux-x64/-/linux-x64-0.28.1.tgz",
      "integrity": "sha512-u/anNYF2mmVOEDwLtnQ1wOr3EZ9sTNGLWrsYGYwHWzGA3Si84IOkHXlbWTD1NB+9/1lcnweYKO54uhxZydNzfA==",
      "cpu": [
        "x64"
      ],
      "dev": true,
      "license": "MIT",
      "optional": true,
      "os": [
        "linux"
      ],
      "engines": {
        "node": ">=18"
      }
    },
    "node_modules/@esbuild/netbsd-arm64": {
      "version": "0.28.1",
      "resolved": "https://registry.npmjs.org/@esbuild/netbsd-arm64/-/netbsd-arm64-0.28.1.tgz",
      "integrity": "sha512-oks0DYbLwWMmaakTsCb+zL4E+aHRVLom9IJZOAthMQEPiQmydXHkziYEsGYRx0uNV/IjEKGAV941JzH02pflqw==",
      "cpu": [
        "arm64"
      ],
      "dev": true,
      "license": "MIT",
      "optional": true,
      "os": [
        "netbsd"
      ],
      "engines": {
        "node": ">=18"
      }
    },
    "node_modules/@esbuild/netbsd-x64": {
      "version": "0.28.1",
      "resolved": "https://registry.npmjs.org/@esbuild/netbsd-x64/-/netbsd-x64-0.28.1.tgz",
      "integrity": "sha512-aeL6lAnN89Hz43Mlh1G8ARasbuoYvSITDEx0tHh5b7jJnHcssqgjy9Yx430GDpmCa6OyrKoS0aNRjKundRizGg==",
      "cpu": [
        "x64"
      ],
      "dev": true,
      "license": "MIT",
      "optional": true,
      "os": [
        "netbsd"
      ],
      "engines": {
        "node": ">=18"
      }
    },
    "node_modules/@esbuild/openbsd-arm64": {
      "version": "0.28.1",
      "resolved": "https://registry.npmjs.org/@esbuild/openbsd-arm64/-/openbsd-arm64-0.28.1.tgz",
      "integrity": "sha512-MEFJe5C3R8pwXdZ5Y21oo6m7ePiS0d9pWucn99O/wvyJZChoIQKrQDxKrGeW8F5+T0okTHesAmDeiHDTIq0V/Q==",
      "cpu": [
        "arm64"
      ],
      "dev": true,
      "license": "MIT",
      "optional": true,
      "os": [
        "openbsd"
      ],
      "engines": {
        "node": ">=18"
      }
    },
    "node_modules/@esbuild/openbsd-x64": {
      "version": "0.28.1",
      "resolved": "https://registry.npmjs.org/@esbuild/openbsd-x64/-/openbsd-x64-0.28.1.tgz",
      "integrity": "sha512-i/ZLIOafE0Z8cI/XANJAixoJL/uRAoS2xOA3rb0xN+KK0K177cMAsQYkzHtBrtMXAKuAc7HGgcWiZ/sRC1Nxgw==",
      "cpu": [
        "x64"
      ],
      "dev": true,
      "license": "MIT",
      "optional": true,
      "os": [
        "openbsd"
      ],
      "engines": {
        "node": ">=18"
      }
    },
    "node_modules/@esbuild/openharmony-arm64": {
      "version": "0.28.1",
      "resolved": "https://registry.npmjs.org/@esbuild/openharmony-arm64/-/openharmony-arm64-0.28.1.tgz",
      "integrity": "sha512-ge+Z7EXFNt2BO1oAMsVpiQ8EwndV9i1xXerAeTIK7AtPs3bKFXQM7nlRxDSIUIMeueR1CNXxqztLzdNeReKBJg==",
      "cpu": [
        "arm64"
      ],
      "dev": true,
      "license": "MIT",
      "optional": true,
      "os": [
        "openharmony"
      ],
      "engines": {
        "node": ">=18"
      }
    },
    "node_modules/@esbuild/sunos-x64": {
      "version": "0.28.1",
      "resolved": "https://registry.npmjs.org/@esbuild/sunos-x64/-/sunos-x64-0.28.1.tgz",
      "integrity": "sha512-BEjgtECkL3vY+SaSQ6nzVfiALUeFxpawyp8Jmf5PtYhf1Ug40N1h/hxlhts+f1FvSvarEigdxS3BlSMI2PJLcQ==",
      "cpu": [
        "x64"
      ],
      "dev": true,
      "license": "MIT",
      "optional": true,
      "os": [
        "sunos"
      ],
      "engines": {
        "node": ">=18"
      }
    },
    "node_modules/@esbuild/win32-arm64": {
      "version": "0.28.1",
      "resolved": "https://registry.npmjs.org/@esbuild/win32-arm64/-/win32-arm64-0.28.1.tgz",
      "integrity": "sha512-lCv9eK/H6ZJWbE7bh2nw54CZ9M2nupBxJcTsdk/QQnWkdSjKGuxmmH8/GWrlT1eMmZfn4dGcCjRte397WqfQXA==",
      "cpu": [
        "arm64"
      ],
      "dev": true,
      "license": "MIT",
      "optional": true,
      "os": [
        "win32"
      ],
      "engines": {
        "node": ">=18"
      }
    },
    "node_modules/@esbuild/win32-ia32": {
      "version": "0.28.1",
      "resolved": "https://registry.npmjs.org/@esbuild/win32-ia32/-/win32-ia32-0.28.1.tgz",
      "integrity": "sha512-zvb/mB2bSCoJOpoCBgYKKpX6YM6mJBlBUVUtVj41DlZJVEB6/0CKlRYxP5wWl1C1ILiCoAU5wZZ4q1P3qeS6Eg==",
      "cpu": [
        "ia32"
      ],
      "dev": true,
      "license": "MIT",
      "optional": true,
      "os": [
        "win32"
      ],
      "engines": {
        "node": ">=18"
      }
    },
    "node_modules/@esbuild/win32-x64": {
      "version": "0.28.1",
      "resolved": "https://registry.npmjs.org/@esbuild/win32-x64/-/win32-x64-0.28.1.tgz",
      "integrity": "sha512-bm4Mowrv+GXMlpWX++EcXw/iLyd1o3+bJkC2DkWXYVvgZCqD/bSj9ctZeAMC3cIxgjRVR2Dufaiu4YPxr5gW1A==",
      "cpu": [
        "x64"
      ],
      "dev": true,
      "license": "MIT",
      "optional": true,
      "os": [
        "win32"
      ],
      "engines": {
        "node": ">=18"
      }
    },
    "node_modules/@mongodb-js/saslprep": {
      "version": "1.4.12",
      "resolved": "https://registry.npmjs.org/@mongodb-js/saslprep/-/saslprep-1.4.12.tgz",
      "integrity": "sha512-QAfAMwNgnYxZ2C6D1HgeP7Gc4i/uvJRim415PCIL9ptRxWMNbWeLBYb2/9R4pGKny/s1FVu2JA2cxCUBUOggrA==",
      "license": "MIT",
      "dependencies": {
        "sparse-bitfield": "^3.0.3"
      }
    },
    "node_modules/@next/env": {
      "version": "14.2.5",
      "resolved": "https://registry.npmjs.org/@next/env/-/env-14.2.5.tgz",
      "integrity": "sha512-/zZGkrTOsraVfYjGP8uM0p6r0BDT6xWpkjdVbcz66PJVSpwXX3yNiRycxAuDfBKGWBrZBXRuK/YVlkNgxHGwmA==",
      "license": "MIT"
    },
    "node_modules/@next/swc-darwin-arm64": {
      "version": "14.2.5",
      "resolved": "https://registry.npmjs.org/@next/swc-darwin-arm64/-/swc-darwin-arm64-14.2.5.tgz",
      "integrity": "sha512-/9zVxJ+K9lrzSGli1///ujyRfon/ZneeZ+v4ptpiPoOU+GKZnm8Wj8ELWU1Pm7GHltYRBklmXMTUqM/DqQ99FQ==",
      "cpu": [
        "arm64"
      ],
      "license": "MIT",
      "optional": true,
      "os": [
        "darwin"
      ],
      "engines": {
        "node": ">= 10"
      }
    },
    "node_modules/@next/swc-darwin-x64": {
      "version": "14.2.5",
      "resolved": "https://registry.npmjs.org/@next/swc-darwin-x64/-/swc-darwin-x64-14.2.5.tgz",
      "integrity": "sha512-vXHOPCwfDe9qLDuq7U1OYM2wUY+KQ4Ex6ozwsKxp26BlJ6XXbHleOUldenM67JRyBfVjv371oneEvYd3H2gNSA==",
      "cpu": [
        "x64"
      ],
      "license": "MIT",
      "optional": true,
      "os": [
        "darwin"
      ],
      "engines": {
        "node": ">= 10"
      }
    },
    "node_modules/@next/swc-linux-arm64-gnu": {
      "version": "14.2.5",
      "resolved": "https://registry.npmjs.org/@next/swc-linux-arm64-gnu/-/swc-linux-arm64-gnu-14.2.5.tgz",
      "integrity": "sha512-vlhB8wI+lj8q1ExFW8lbWutA4M2ZazQNvMWuEDqZcuJJc78iUnLdPPunBPX8rC4IgT6lIx/adB+Cwrl99MzNaA==",
      "cpu": [
        "arm64"
      ],
      "license": "MIT",
      "optional": true,
      "os": [
        "linux"
      ],
      "engines": {
        "node": ">= 10"
      }
    },
    "node_modules/@next/swc-linux-arm64-musl": {
      "version": "14.2.5",
      "resolved": "https://registry.npmjs.org/@next/swc-linux-arm64-musl/-/swc-linux-arm64-musl-14.2.5.tgz",
      "integrity": "sha512-NpDB9NUR2t0hXzJJwQSGu1IAOYybsfeB+LxpGsXrRIb7QOrYmidJz3shzY8cM6+rO4Aojuef0N/PEaX18pi9OA==",
      "cpu": [
        "arm64"
      ],
      "license": "MIT",
      "optional": true,
      "os": [
        "linux"
      ],
      "engines": {
        "node": ">= 10"
      }
    },
    "node_modules/@next/swc-linux-x64-gnu": {
      "version": "14.2.5",
      "resolved": "https://registry.npmjs.org/@next/swc-linux-x64-gnu/-/swc-linux-x64-gnu-14.2.5.tgz",
      "integrity": "sha512-8XFikMSxWleYNryWIjiCX+gU201YS+erTUidKdyOVYi5qUQo/gRxv/3N1oZFCgqpesN6FPeqGM72Zve+nReVXQ==",
      "cpu": [
        "x64"
      ],
      "license": "MIT",
      "optional": true,
      "os": [
        "linux"
      ],
      "engines": {
        "node": ">= 10"
      }
    },
    "node_modules/@next/swc-linux-x64-musl": {
      "version": "14.2.5",
      "resolved": "https://registry.npmjs.org/@next/swc-linux-x64-musl/-/swc-linux-x64-musl-14.2.5.tgz",
      "integrity": "sha512-6QLwi7RaYiQDcRDSU/os40r5o06b5ue7Jsk5JgdRBGGp8l37RZEh9JsLSM8QF0YDsgcosSeHjglgqi25+m04IQ==",
      "cpu": [
        "x64"
      ],
      "license": "MIT",
      "optional": true,
      "os": [
        "linux"
      ],
      "engines": {
        "node": ">= 10"
      }
    },
    "node_modules/@next/swc-win32-arm64-msvc": {
      "version": "14.2.5",
      "resolved": "https://registry.npmjs.org/@next/swc-win32-arm64-msvc/-/swc-win32-arm64-msvc-14.2.5.tgz",
      "integrity": "sha512-1GpG2VhbspO+aYoMOQPQiqc/tG3LzmsdBH0LhnDS3JrtDx2QmzXe0B6mSZZiN3Bq7IOMXxv1nlsjzoS1+9mzZw==",
      "cpu": [
        "arm64"
      ],
      "license": "MIT",
      "optional": true,
      "os": [
        "win32"
      ],
      "engines": {
        "node": ">= 10"
      }
    },
    "node_modules/@next/swc-win32-ia32-msvc": {
      "version": "14.2.5",
      "resolved": "https://registry.npmjs.org/@next/swc-win32-ia32-msvc/-/swc-win32-ia32-msvc-14.2.5.tgz",
      "integrity": "sha512-Igh9ZlxwvCDsu6438FXlQTHlRno4gFpJzqPjSIBZooD22tKeI4fE/YMRoHVJHmrQ2P5YL1DoZ0qaOKkbeFWeMg==",
      "cpu": [
        "ia32"
      ],
      "license": "MIT",
      "optional": true,
      "os": [
        "win32"
      ],
      "engines": {
        "node": ">= 10"
      }
    },
    "node_modules/@next/swc-win32-x64-msvc": {
      "version": "14.2.5",
      "resolved": "https://registry.npmjs.org/@next/swc-win32-x64-msvc/-/swc-win32-x64-msvc-14.2.5.tgz",
      "integrity": "sha512-tEQ7oinq1/CjSG9uSTerca3v4AZ+dFa+4Yu6ihaG8Ud8ddqLQgFGcnwYls13H5X5CPDPZJdYxyeMui6muOLd4g==",
      "cpu": [
        "x64"
      ],
      "license": "MIT",
      "optional": true,
      "os": [
        "win32"
      ],
      "engines": {
        "node": ">= 10"
      }
    },
    "node_modules/@opentelemetry/api": {
      "version": "1.9.0",
      "resolved": "https://registry.npmjs.org/@opentelemetry/api/-/api-1.9.0.tgz",
      "integrity": "sha512-3giAOQvZiH5F9bMlMiv8+GSPMeqg0dbaeo58/0SlA9sxSqZhnUtxzX9/2FzyhS9sWQf5S0GJE0AKBrFqjpeYcg==",
      "license": "Apache-2.0",
      "engines": {
        "node": ">=8.0.0"
      }
    },
    "node_modules/@swc/counter": {
      "version": "0.1.3",
      "resolved": "https://registry.npmjs.org/@swc/counter/-/counter-0.1.3.tgz",
      "integrity": "sha512-e2BR4lsJkkRlKZ/qCHPw9ZaSxc0MVUd7gtbtaB7aMvHeJVYe8sOB8DBZkP2DtISHGSku9sCK6T6cnY0CtXrOCQ==",
      "license": "Apache-2.0"
    },
    "node_modules/@swc/helpers": {
      "version": "0.5.5",
      "resolved": "https://registry.npmjs.org/@swc/helpers/-/helpers-0.5.5.tgz",
      "integrity": "sha512-KGYxvIOXcceOAbEk4bi/dVLEK9z8sZ0uBB3Il5b1rhfClSpcX0yfRO0KmTkqR2cnQDymwLB+25ZyMzICg/cm/A==",
      "license": "Apache-2.0",
      "dependencies": {
        "@swc/counter": "^0.1.3",
        "tslib": "^2.4.0"
      }
    },
    "node_modules/@types/diff-match-patch": {
      "version": "1.0.36",
      "resolved": "https://registry.npmjs.org/@types/diff-match-patch/-/diff-match-patch-1.0.36.tgz",
      "integrity": "sha512-xFdR6tkm0MWvBfO8xXCSsinYxHcqkQUlcHeSpMC2ukzOb6lwQAfDmW+Qt0AvlGd8HpsS28qKsB+oPeJn9I39jg==",
      "license": "MIT"
    },
    "node_modules/@types/node": {
      "version": "20.19.43",
      "resolved": "https://registry.npmjs.org/@types/node/-/node-20.19.43.tgz",
      "integrity": "sha512-6oYBAi5ikg4Pl+kGsoYtawUMBT2zZMCvPNF7pVLnHZfd1zf38DRiWn/gT01RYCdUqkv7Fhr+C9ot4/tb+2sVvA==",
      "dev": true,
      "license": "MIT",
      "dependencies": {
        "undici-types": "~6.21.0"
      }
    },
    "node_modules/@types/prop-types": {
      "version": "15.7.15",
      "resolved": "https://registry.npmjs.org/@types/prop-types/-/prop-types-15.7.15.tgz",
      "integrity": "sha512-F6bEyamV9jKGAFBEmlQnesRPGOQqS2+Uwi0Em15xenOxHaf2hv6L8YCVn3rPdPJOiJfPiCnLIRyvwVaqMY3MIw==",
      "dev": true,
      "license": "MIT"
    },
    "node_modules/@types/react": {
      "version": "18.3.31",
      "resolved": "https://registry.npmjs.org/@types/react/-/react-18.3.31.tgz",
      "integrity": "sha512-vfEqpXTvwT91yhmwdfouStN2hSKwTvyRs8qpLfADyrq/kxDw0hZM7Wk9Ug1FELj8hIby+S/+kQCSRFF32nv2Qw==",
      "dev": true,
      "license": "MIT",
      "peer": true,
      "dependencies": {
        "@types/prop-types": "*",
        "csstype": "^3.2.2"
      }
    },
    "node_modules/@types/react-dom": {
      "version": "18.3.7",
      "resolved": "https://registry.npmjs.org/@types/react-dom/-/react-dom-18.3.7.tgz",
      "integrity": "sha512-MEe3UeoENYVFXzoXEWsvcpg6ZvlrFNlOQ7EOsvhI3CfAXwzPfO8Qwuxd40nepsYKqyyVQnTdEfv68q91yLcKrQ==",
      "dev": true,
      "license": "MIT",
      "peerDependencies": {
        "@types/react": "^18.0.0"
      }
    },
    "node_modules/@types/webidl-conversions": {
      "version": "7.0.3",
      "resolved": "https://registry.npmjs.org/@types/webidl-conversions/-/webidl-conversions-7.0.3.tgz",
      "integrity": "sha512-CiJJvcRtIgzadHCYXw7dqEnMNRjhGZlYK05Mj9OyktqV8uVT8fD2BFOB7S1uwBE3Kj2Z+4UyPmFw/Ixgw/LAlA==",
      "license": "MIT"
    },
    "node_modules/@types/whatwg-url": {
      "version": "11.0.5",
      "resolved": "https://registry.npmjs.org/@types/whatwg-url/-/whatwg-url-11.0.5.tgz",
      "integrity": "sha512-coYR071JRaHa+xoEvvYqvnIHaVqaYrLPbsufM9BF63HkwI5Lgmy2QR8Q5K/lYDYo5AK82wOvSOS0UsLTpTG7uQ==",
      "license": "MIT",
      "dependencies": {
        "@types/webidl-conversions": "*"
      }
    },
    "node_modules/ai": {
      "version": "4.3.19",
      "resolved": "https://registry.npmjs.org/ai/-/ai-4.3.19.tgz",
      "integrity": "sha512-dIE2bfNpqHN3r6IINp9znguYdhIOheKW2LDigAMrgt/upT3B8eBGPSCblENvaZGoq+hxaN9fSMzjWpbqloP+7Q==",
      "license": "Apache-2.0",
      "dependencies": {
        "@ai-sdk/provider": "1.1.3",
        "@ai-sdk/provider-utils": "2.2.8",
        "@ai-sdk/react": "1.2.12",
        "@ai-sdk/ui-utils": "1.2.11",
        "@opentelemetry/api": "1.9.0",
        "jsondiffpatch": "0.6.0"
      },
      "engines": {
        "node": ">=18"
      },
      "peerDependencies": {
        "react": "^18 || ^19 || ^19.0.0-rc",
        "zod": "^3.23.8"
      },
      "peerDependenciesMeta": {
        "react": {
          "optional": true
        }
      }
    },
    "node_modules/bson": {
      "version": "6.10.4",
      "resolved": "https://registry.npmjs.org/bson/-/bson-6.10.4.tgz",
      "integrity": "sha512-WIsKqkSC0ABoBJuT1LEX+2HEvNmNKKgnTAyd0fL8qzK4SH2i9NXg+t08YtdZp/V9IZ33cxe3iV4yM0qg8lMQng==",
      "license": "Apache-2.0",
      "engines": {
        "node": ">=16.20.1"
      }
    },
    "node_modules/busboy": {
      "version": "1.6.0",
      "resolved": "https://registry.npmjs.org/busboy/-/busboy-1.6.0.tgz",
      "integrity": "sha512-8SFQbg/0hQ9xy3UNTB0YEnsNBbWfhf7RtnzpL7TkBiTBRfrQ9Fxcnz7VJsleJpyp6rVLvXiuORqjlHi5q+PYuA==",
      "dependencies": {
        "streamsearch": "^1.1.0"
      },
      "engines": {
        "node": ">=10.16.0"
      }
    },
    "node_modules/caniuse-lite": {
      "version": "1.0.30001806",
      "resolved": "https://registry.npmjs.org/caniuse-lite/-/caniuse-lite-1.0.30001806.tgz",
      "integrity": "sha512-72Cuvd95zbSYPKq6Fhg8eDJRlzgWDf7/mtoZv6Qe/DYNCEBdNxoA3+rZAU2ZhGCpZlns3EssFavaZomckT5Uuw==",
      "funding": [
        {
          "type": "opencollective",
          "url": "https://opencollective.com/browserslist"
        },
        {
          "type": "tidelift",
          "url": "https://tidelift.com/funding/github/npm/caniuse-lite"
        },
        {
          "type": "github",
          "url": "https://github.com/sponsors/ai"
        }
      ],
      "license": "CC-BY-4.0"
    },
    "node_modules/chalk": {
      "version": "5.6.2",
      "resolved": "https://registry.npmjs.org/chalk/-/chalk-5.6.2.tgz",
      "integrity": "sha512-7NzBL0rN6fMUW+f7A6Io4h40qQlG+xGmtMxfbnH/K7TAtt8JQWVQK+6g0UXKMeVJoyV5EkkNsErQ8pVD3bLHbA==",
      "license": "MIT",
      "engines": {
        "node": "^12.17.0 || ^14.13 || >=16.0.0"
      },
      "funding": {
        "url": "https://github.com/chalk/chalk?sponsor=1"
      }
    },
    "node_modules/client-only": {
      "version": "0.0.1",
      "resolved": "https://registry.npmjs.org/client-only/-/client-only-0.0.1.tgz",
      "integrity": "sha512-IV3Ou0jSMzZrd3pZ48nLkT9DA7Ag1pnPzaiQhpW7c3RbcqqzvzzVu+L8gfqMp/8IM2MQtSiqaCxrrcfu8I8rMA==",
      "license": "MIT"
    },
    "node_modules/csstype": {
      "version": "3.2.3",
      "resolved": "https://registry.npmjs.org/csstype/-/csstype-3.2.3.tgz",
      "integrity": "sha512-z1HGKcYy2xA8AGQfwrn0PAy+PB7X/GSj3UVJW9qKyn43xWa+gl5nXmU4qqLMRzWVLFC8KusUX8T/0kCiOYpAIQ==",
      "dev": true,
      "license": "MIT"
    },
    "node_modules/debug": {
      "version": "4.4.3",
      "resolved": "https://registry.npmjs.org/debug/-/debug-4.4.3.tgz",
      "integrity": "sha512-RGwwWnwQvkVfavKVt22FGLw+xYSdzARwm0ru6DhTVA3umU5hZc28V3kO4stgYryrTlLpuvgI9GiijltAjNbcqA==",
      "license": "MIT",
      "dependencies": {
        "ms": "^2.1.3"
      },
      "engines": {
        "node": ">=6.0"
      },
      "peerDependenciesMeta": {
        "supports-color": {
          "optional": true
        }
      }
    },
    "node_modules/dequal": {
      "version": "2.0.3",
      "resolved": "https://registry.npmjs.org/dequal/-/dequal-2.0.3.tgz",
      "integrity": "sha512-0je+qPKHEMohvfRTCEo3CrPG6cAzAYgmzKyxRiYSSDkS6eGJdyVJm7WaYA5ECaAD9wLB2T4EEeymA5aFVcYXCA==",
      "license": "MIT",
      "engines": {
        "node": ">=6"
      }
    },
    "node_modules/diff-match-patch": {
      "version": "1.0.5",
      "resolved": "https://registry.npmjs.org/diff-match-patch/-/diff-match-patch-1.0.5.tgz",
      "integrity": "sha512-IayShXAgj/QMXgB0IWmKx+rOPuGMhqm5w6jvFxmVenXKIzRqTAAsbBPT3kWQeGANj3jGgvcvv4yK6SxqYmikgw==",
      "license": "Apache-2.0"
    },
    "node_modules/esbuild": {
      "version": "0.28.1",
      "resolved": "https://registry.npmjs.org/esbuild/-/esbuild-0.28.1.tgz",
      "integrity": "sha512-HrJrvZv5ayxBzPfwphOoNzkzOIIlifzk0KJrGK2c8R4+LKpMtpYLQeUdjnwjWv/LZlkH2laZk+4w78pi99D4Vw==",
      "dev": true,
      "hasInstallScript": true,
      "license": "MIT",
      "bin": {
        "esbuild": "bin/esbuild"
      },
      "engines": {
        "node": ">=18"
      },
      "optionalDependencies": {
        "@esbuild/aix-ppc64": "0.28.1",
        "@esbuild/android-arm": "0.28.1",
        "@esbuild/android-arm64": "0.28.1",
        "@esbuild/android-x64": "0.28.1",
        "@esbuild/darwin-arm64": "0.28.1",
        "@esbuild/darwin-x64": "0.28.1",
        "@esbuild/freebsd-arm64": "0.28.1",
        "@esbuild/freebsd-x64": "0.28.1",
        "@esbuild/linux-arm": "0.28.1",
        "@esbuild/linux-arm64": "0.28.1",
        "@esbuild/linux-ia32": "0.28.1",
        "@esbuild/linux-loong64": "0.28.1",
        "@esbuild/linux-mips64el": "0.28.1",
        "@esbuild/linux-ppc64": "0.28.1",
        "@esbuild/linux-riscv64": "0.28.1",
        "@esbuild/linux-s390x": "0.28.1",
        "@esbuild/linux-x64": "0.28.1",
        "@esbuild/netbsd-arm64": "0.28.1",
        "@esbuild/netbsd-x64": "0.28.1",
        "@esbuild/openbsd-arm64": "0.28.1",
        "@esbuild/openbsd-x64": "0.28.1",
        "@esbuild/openharmony-arm64": "0.28.1",
        "@esbuild/sunos-x64": "0.28.1",
        "@esbuild/win32-arm64": "0.28.1",
        "@esbuild/win32-ia32": "0.28.1",
        "@esbuild/win32-x64": "0.28.1"
      }
    },
    "node_modules/fsevents": {
      "version": "2.3.3",
      "resolved": "https://registry.npmjs.org/fsevents/-/fsevents-2.3.3.tgz",
      "integrity": "sha512-5xoDfX+fL7faATnagmWPpbFtwh/R77WmMMqqHGS65C3vvB0YHrgF+B1YmZ3441tMj5n63k0212XNoJwzlhffQw==",
      "dev": true,
      "hasInstallScript": true,
      "license": "MIT",
      "optional": true,
      "os": [
        "darwin"
      ],
      "engines": {
        "node": "^8.16.0 || ^10.6.0 || >=11.0.0"
      }
    },
    "node_modules/graceful-fs": {
      "version": "4.2.11",
      "resolved": "https://registry.npmjs.org/graceful-fs/-/graceful-fs-4.2.11.tgz",
      "integrity": "sha512-RbJ5/jmFcNNCcDV5o9eTnBLJ/HszWV0P73bc+Ff4nS/rJj+YaS6IGyiOL0VoBYX+l1Wrl3k63h/KrH+nhJ0XvQ==",
      "license": "ISC"
    },
    "node_modules/js-tokens": {
      "version": "4.0.0",
      "resolved": "https://registry.npmjs.org/js-tokens/-/js-tokens-4.0.0.tgz",
      "integrity": "sha512-RdJUflcE3cUzKiMqQgsCu06FPu9UdIJO0beYbPhHN4k6apgJtifcoCtT9bcxOpYBtpD2kCM6Sbzg4CausW/PKQ==",
      "license": "MIT"
    },
    "node_modules/json-schema": {
      "version": "0.4.0",
      "resolved": "https://registry.npmjs.org/json-schema/-/json-schema-0.4.0.tgz",
      "integrity": "sha512-es94M3nTIfsEPisRafak+HDLfHXnKBhV3vU5eqPcS3flIWqcxJWgXHXiey3YrpaNsanY5ei1VoYEbOzijuq9BA==",
      "license": "(AFL-2.1 OR BSD-3-Clause)"
    },
    "node_modules/jsondiffpatch": {
      "version": "0.6.0",
      "resolved": "https://registry.npmjs.org/jsondiffpatch/-/jsondiffpatch-0.6.0.tgz",
      "integrity": "sha512-3QItJOXp2AP1uv7waBkao5nCvhEv+QmJAd38Ybq7wNI74Q+BBmnLn4EDKz6yI9xGAIQoUF87qHt+kc1IVxB4zQ==",
      "license": "MIT",
      "dependencies": {
        "@types/diff-match-patch": "^1.0.36",
        "chalk": "^5.3.0",
        "diff-match-patch": "^1.0.5"
      },
      "bin": {
        "jsondiffpatch": "bin/jsondiffpatch.js"
      },
      "engines": {
        "node": "^18.0.0 || >=20.0.0"
      }
    },
    "node_modules/kareem": {
      "version": "2.6.3",
      "resolved": "https://registry.npmjs.org/kareem/-/kareem-2.6.3.tgz",
      "integrity": "sha512-C3iHfuGUXK2u8/ipq9LfjFfXFxAZMQJJq7vLS45r3D9Y2xQ/m4S8zaR4zMLFWh9AsNPXmcFfUDhTEO8UIC/V6Q==",
      "license": "Apache-2.0",
      "engines": {
        "node": ">=12.0.0"
      }
    },
    "node_modules/loose-envify": {
      "version": "1.4.0",
      "resolved": "https://registry.npmjs.org/loose-envify/-/loose-envify-1.4.0.tgz",
      "integrity": "sha512-lyuxPGr/Wfhrlem2CL/UcnUc1zcqKAImBDzukY7Y5F/yQiNdko6+fRLevlw1HgMySw7f611UIY408EtxRSoK3Q==",
      "license": "MIT",
      "dependencies": {
        "js-tokens": "^3.0.0 || ^4.0.0"
      },
      "bin": {
        "loose-envify": "cli.js"
      }
    },
    "node_modules/memory-pager": {
      "version": "1.5.0",
      "resolved": "https://registry.npmjs.org/memory-pager/-/memory-pager-1.5.0.tgz",
      "integrity": "sha512-ZS4Bp4r/Zoeq6+NLJpP+0Zzm0pR8whtGPf1XExKLJBAczGMnSi3It14OiNCStjQjM6NU1okjQGSxgEZN8eBYKg==",
      "license": "MIT"
    },
    "node_modules/mongodb": {
      "version": "6.20.0",
      "resolved": "https://registry.npmjs.org/mongodb/-/mongodb-6.20.0.tgz",
      "integrity": "sha512-Tl6MEIU3K4Rq3TSHd+sZQqRBoGlFsOgNrH5ltAcFBV62Re3Fd+FcaVf8uSEQFOJ51SDowDVttBTONMfoYWrWlQ==",
      "license": "Apache-2.0",
      "dependencies": {
        "@mongodb-js/saslprep": "^1.3.0",
        "bson": "^6.10.4",
        "mongodb-connection-string-url": "^3.0.2"
      },
      "engines": {
        "node": ">=16.20.1"
      },
      "peerDependencies": {
        "@aws-sdk/credential-providers": "^3.188.0",
        "@mongodb-js/zstd": "^1.1.0 || ^2.0.0",
        "gcp-metadata": "^5.2.0",
        "kerberos": "^2.0.1",
        "mongodb-client-encryption": ">=6.0.0 <7",
        "snappy": "^7.3.2",
        "socks": "^2.7.1"
      },
      "peerDependenciesMeta": {
        "@aws-sdk/credential-providers": {
          "optional": true
        },
        "@mongodb-js/zstd": {
          "optional": true
        },
        "gcp-metadata": {
          "optional": true
        },
        "kerberos": {
          "optional": true
        },
        "mongodb-client-encryption": {
          "optional": true
        },
        "snappy": {
          "optional": true
        },
        "socks": {
          "optional": true
        }
      }
    },
    "node_modules/mongodb-connection-string-url": {
      "version": "3.0.2",
      "resolved": "https://registry.npmjs.org/mongodb-connection-string-url/-/mongodb-connection-string-url-3.0.2.tgz",
      "integrity": "sha512-rMO7CGo/9BFwyZABcKAWL8UJwH/Kc2x0g72uhDWzG48URRax5TCIcJ7Rc3RZqffZzO/Gwff/jyKwCU9TN8gehA==",
      "license": "Apache-2.0",
      "dependencies": {
        "@types/whatwg-url": "^11.0.2",
        "whatwg-url": "^14.1.0 || ^13.0.0"
      }
    },
    "node_modules/mongoose": {
      "version": "8.24.1",
      "resolved": "https://registry.npmjs.org/mongoose/-/mongoose-8.24.1.tgz",
      "integrity": "sha512-UpHBA0l5kHyKJQFjmBaFYQFo5sgz1DK0TRqDkOyBLYbqiIbKKhIvBpHWBXqeo0rgW4kGI1UhhAw+kTQZoj1BdA==",
      "license": "MIT",
      "dependencies": {
        "bson": "^6.10.4",
        "kareem": "2.6.3",
        "mongodb": "~6.20.0",
        "mpath": "0.9.0",
        "mquery": "5.0.0",
        "ms": "2.1.3",
        "sift": "17.1.3"
      },
      "engines": {
        "node": ">=16.20.1"
      },
      "funding": {
        "type": "opencollective",
        "url": "https://opencollective.com/mongoose"
      }
    },
    "node_modules/mpath": {
      "version": "0.9.0",
      "resolved": "https://registry.npmjs.org/mpath/-/mpath-0.9.0.tgz",
      "integrity": "sha512-ikJRQTk8hw5DEoFVxHG1Gn9T/xcjtdnOKIU1JTmGjZZlg9LST2mBLmcX3/ICIbgJydT2GOc15RnNy5mHmzfSew==",
      "license": "MIT",
      "engines": {
        "node": ">=4.0.0"
      }
    },
    "node_modules/mquery": {
      "version": "5.0.0",
      "resolved": "https://registry.npmjs.org/mquery/-/mquery-5.0.0.tgz",
      "integrity": "sha512-iQMncpmEK8R8ncT8HJGsGc9Dsp8xcgYMVSbs5jgnm1lFHTZqMJTUWTDx1LBO8+mK3tPNZWFLBghQEIOULSTHZg==",
      "license": "MIT",
      "dependencies": {
        "debug": "4.x"
      },
      "engines": {
        "node": ">=14.0.0"
      }
    },
    "node_modules/ms": {
      "version": "2.1.3",
      "resolved": "https://registry.npmjs.org/ms/-/ms-2.1.3.tgz",
      "integrity": "sha512-6FlzubTLZG3J2a/NVCAleEhjzq5oxgHyaCU9yYXvcLsvoVaHJq/s5xXI6/XXP6tz7R9xAOtHnSO/tXtF3WRTlA==",
      "license": "MIT"
    },
    "node_modules/nanoid": {
      "version": "3.3.16",
      "resolved": "https://registry.npmjs.org/nanoid/-/nanoid-3.3.16.tgz",
      "integrity": "sha512-bzlKTyNJ7+LdGIIwy8ijFpIqEQIvafahV7eYykJ8Cvh42EdJeODoJ6gUJXpQJvej1BddH8OqTXZNE/KfbWAu8Q==",
      "funding": [
        {
          "type": "github",
          "url": "https://github.com/sponsors/ai"
        }
      ],
      "license": "MIT",
      "bin": {
        "nanoid": "bin/nanoid.cjs"
      },
      "engines": {
        "node": "^10 || ^12 || ^13.7 || ^14 || >=15.0.1"
      }
    },
    "node_modules/next": {
      "version": "14.2.5",
      "resolved": "https://registry.npmjs.org/next/-/next-14.2.5.tgz",
      "integrity": "sha512-0f8aRfBVL+mpzfBjYfQuLWh2WyAwtJXCRfkPF4UJ5qd2YwrHczsrSzXU4tRMV0OAxR8ZJZWPFn6uhSC56UTsLA==",
      "deprecated": "This version has a security vulnerability. Please upgrade to a patched version. See https://nextjs.org/blog/security-update-2025-12-11 for more details.",
      "license": "MIT",
      "dependencies": {
        "@next/env": "14.2.5",
        "@swc/helpers": "0.5.5",
        "busboy": "1.6.0",
        "caniuse-lite": "^1.0.30001579",
        "graceful-fs": "^4.2.11",
        "postcss": "8.4.31",
        "styled-jsx": "5.1.1"
      },
      "bin": {
        "next": "dist/bin/next"
      },
      "engines": {
        "node": ">=18.17.0"
      },
      "optionalDependencies": {
        "@next/swc-darwin-arm64": "14.2.5",
        "@next/swc-darwin-x64": "14.2.5",
        "@next/swc-linux-arm64-gnu": "14.2.5",
        "@next/swc-linux-arm64-musl": "14.2.5",
        "@next/swc-linux-x64-gnu": "14.2.5",
        "@next/swc-linux-x64-musl": "14.2.5",
        "@next/swc-win32-arm64-msvc": "14.2.5",
        "@next/swc-win32-ia32-msvc": "14.2.5",
        "@next/swc-win32-x64-msvc": "14.2.5"
      },
      "peerDependencies": {
        "@opentelemetry/api": "^1.1.0",
        "@playwright/test": "^1.41.2",
        "react": "^18.2.0",
        "react-dom": "^18.2.0",
        "sass": "^1.3.0"
      },
      "peerDependenciesMeta": {
        "@opentelemetry/api": {
          "optional": true
        },
        "@playwright/test": {
          "optional": true
        },
        "sass": {
          "optional": true
        }
      }
    },
    "node_modules/picocolors": {
      "version": "1.1.1",
      "resolved": "https://registry.npmjs.org/picocolors/-/picocolors-1.1.1.tgz",
      "integrity": "sha512-xceH2snhtb5M9liqDsmEw56le376mTZkEX/jEb/RxNFyegNul7eNslCXP9FDj/Lcu0X8KEyMceP2ntpaHrDEVA==",
      "license": "ISC"
    },
    "node_modules/postcss": {
      "version": "8.4.31",
      "resolved": "https://registry.npmjs.org/postcss/-/postcss-8.4.31.tgz",
      "integrity": "sha512-PS08Iboia9mts/2ygV3eLpY5ghnUcfLV/EXTOW1E2qYxJKGGBUtNjN76FYHnMs36RmARn41bC0AZmn+rR0OVpQ==",
      "funding": [
        {
          "type": "opencollective",
          "url": "https://opencollective.com/postcss/"
        },
        {
          "type": "tidelift",
          "url": "https://tidelift.com/funding/github/npm/postcss"
        },
        {
          "type": "github",
          "url": "https://github.com/sponsors/ai"
        }
      ],
      "license": "MIT",
      "dependencies": {
        "nanoid": "^3.3.6",
        "picocolors": "^1.0.0",
        "source-map-js": "^1.0.2"
      },
      "engines": {
        "node": "^10 || ^12 || >=14"
      }
    },
    "node_modules/punycode": {
      "version": "2.3.1",
      "resolved": "https://registry.npmjs.org/punycode/-/punycode-2.3.1.tgz",
      "integrity": "sha512-vYt7UD1U9Wg6138shLtLOvdAu+8DsC/ilFtEVHcH+wydcSpNE20AfSOduf6MkRFahL5FY7X1oU7nKVZFtfq8Fg==",
      "license": "MIT",
      "engines": {
        "node": ">=6"
      }
    },
    "node_modules/react": {
      "version": "18.3.1",
      "resolved": "https://registry.npmjs.org/react/-/react-18.3.1.tgz",
      "integrity": "sha512-wS+hAgJShR0KhEvPJArfuPVN1+Hz1t0Y6n5jLrGQbkb4urgPE/0Rve+1kMB1v/oWgHgm4WIcV+i7F2pTVj+2iQ==",
      "license": "MIT",
      "peer": true,
      "dependencies": {
        "loose-envify": "^1.1.0"
      },
      "engines": {
        "node": ">=0.10.0"
      }
    },
    "node_modules/react-dom": {
      "version": "18.3.1",
      "resolved": "https://registry.npmjs.org/react-dom/-/react-dom-18.3.1.tgz",
      "integrity": "sha512-5m4nQKp+rZRb09LNH59GM4BxTh9251/ylbKIbpe7TpGxfJ+9kv6BLkLBXIjjspbgbnIBNqlI23tRnTWT0snUIw==",
      "license": "MIT",
      "peer": true,
      "dependencies": {
        "loose-envify": "^1.1.0",
        "scheduler": "^0.23.2"
      },
      "peerDependencies": {
        "react": "^18.3.1"
      }
    },
    "node_modules/scheduler": {
      "version": "0.23.2",
      "resolved": "https://registry.npmjs.org/scheduler/-/scheduler-0.23.2.tgz",
      "integrity": "sha512-UOShsPwz7NrMUqhR6t0hWjFduvOzbtv7toDH1/hIrfRNIDBnnBWd0CwJTGvTpngVlmwGCdP9/Zl/tVrDqcuYzQ==",
      "license": "MIT",
      "dependencies": {
        "loose-envify": "^1.1.0"
      }
    },
    "node_modules/secure-json-parse": {
      "version": "2.7.0",
      "resolved": "https://registry.npmjs.org/secure-json-parse/-/secure-json-parse-2.7.0.tgz",
      "integrity": "sha512-6aU+Rwsezw7VR8/nyvKTx8QpWH9FrcYiXXlqC4z5d5XQBDRqtbfsRjnwGyqbi3gddNtWHuEk9OANUotL26qKUw==",
      "license": "BSD-3-Clause"
    },
    "node_modules/sift": {
      "version": "17.1.3",
      "resolved": "https://registry.npmjs.org/sift/-/sift-17.1.3.tgz",
      "integrity": "sha512-Rtlj66/b0ICeFzYTuNvX/EF1igRbbnGSvEyT79McoZa/DeGhMyC5pWKOEsZKnpkqtSeovd5FL/bjHWC3CIIvCQ==",
      "license": "MIT"
    },
    "node_modules/source-map-js": {
      "version": "1.2.1",
      "resolved": "https://registry.npmjs.org/source-map-js/-/source-map-js-1.2.1.tgz",
      "integrity": "sha512-UXWMKhLOwVKb728IUtQPXxfYU+usdybtUrK/8uGE8CQMvrhOpwvzDBwj0QhSL7MQc7vIsISBG8VQ8+IDQxpfQA==",
      "license": "BSD-3-Clause",
      "engines": {
        "node": ">=0.10.0"
      }
    },
    "node_modules/sparse-bitfield": {
      "version": "3.0.3",
      "resolved": "https://registry.npmjs.org/sparse-bitfield/-/sparse-bitfield-3.0.3.tgz",
      "integrity": "sha512-kvzhi7vqKTfkh0PZU+2D2PIllw2ymqJKujUcyPMd9Y75Nv4nPbGJZXNhxsgdQab2BmlDct1YnfQCguEvHr7VsQ==",
      "license": "MIT",
      "dependencies": {
        "memory-pager": "^1.0.2"
      }
    },
    "node_modules/streamsearch": {
      "version": "1.1.0",
      "resolved": "https://registry.npmjs.org/streamsearch/-/streamsearch-1.1.0.tgz",
      "integrity": "sha512-Mcc5wHehp9aXz1ax6bZUyY5afg9u2rv5cqQI3mRrYkGC8rW2hM02jWuwjtL++LS5qinSyhj2QfLyNsuc+VsExg==",
      "engines": {
        "node": ">=10.0.0"
      }
    },
    "node_modules/styled-jsx": {
      "version": "5.1.1",
      "resolved": "https://registry.npmjs.org/styled-jsx/-/styled-jsx-5.1.1.tgz",
      "integrity": "sha512-pW7uC1l4mBZ8ugbiZrcIsiIvVx1UmTfw7UkC3Um2tmfUq9Bhk8IiyEIPl6F8agHgjzku6j0xQEZbfA5uSgSaCw==",
      "license": "MIT",
      "dependencies": {
        "client-only": "0.0.1"
      },
      "engines": {
        "node": ">= 12.0.0"
      },
      "peerDependencies": {
        "react": ">= 16.8.0 || 17.x.x || ^18.0.0-0"
      },
      "peerDependenciesMeta": {
        "@babel/core": {
          "optional": true
        },
        "babel-plugin-macros": {
          "optional": true
        }
      }
    },
    "node_modules/swr": {
      "version": "2.4.2",
      "resolved": "https://registry.npmjs.org/swr/-/swr-2.4.2.tgz",
      "integrity": "sha512-ej644Y2bvkIajfR32KGeSSdBXQW+ScjGjkybZgSE7kFpk9eGnV44XY9FJylXi+W75pavSX1PVNB57W5EbhGIYw==",
      "license": "MIT",
      "dependencies": {
        "dequal": "^2.0.3",
        "use-sync-external-store": "^1.6.0"
      },
      "peerDependencies": {
        "react": "^16.11.0 || ^17.0.0 || ^18.0.0 || ^19.0.0"
      }
    },
    "node_modules/throttleit": {
      "version": "2.1.0",
      "resolved": "https://registry.npmjs.org/throttleit/-/throttleit-2.1.0.tgz",
      "integrity": "sha512-nt6AMGKW1p/70DF/hGBdJB57B8Tspmbp5gfJ8ilhLnt7kkr2ye7hzD6NVG8GGErk2HWF34igrL2CXmNIkzKqKw==",
      "license": "MIT",
      "engines": {
        "node": ">=18"
      },
      "funding": {
        "url": "https://github.com/sponsors/sindresorhus"
      }
    },
    "node_modules/tr46": {
      "version": "5.1.1",
      "resolved": "https://registry.npmjs.org/tr46/-/tr46-5.1.1.tgz",
      "integrity": "sha512-hdF5ZgjTqgAntKkklYw0R03MG2x/bSzTtkxmIRw/sTNV8YXsCJ1tfLAX23lhxhHJlEf3CRCOCGGWw3vI3GaSPw==",
      "license": "MIT",
      "dependencies": {
        "punycode": "^2.3.1"
      },
      "engines": {
        "node": ">=18"
      }
    },
    "node_modules/tslib": {
      "version": "2.8.1",
      "resolved": "https://registry.npmjs.org/tslib/-/tslib-2.8.1.tgz",
      "integrity": "sha512-oJFu94HQb+KVduSUQL7wnpmqnfmLsOA/nAh6b6EH0wCEoK0/mPeXU6c3wKDV83MkOuHPRHtSXKKU99IBazS/2w==",
      "license": "0BSD"
    },
    "node_modules/tsx": {
      "version": "4.23.1",
      "resolved": "https://registry.npmjs.org/tsx/-/tsx-4.23.1.tgz",
      "integrity": "sha512-GQHnkIfxyx1wYCOS/wonik5MVRZU9hi1TEZmzGZSCJB1y9YgoZ8H6itNE/u4suE+yLmOzuE4E5S4TZ/ZX2wcWQ==",
      "dev": true,
      "license": "MIT",
      "dependencies": {
        "esbuild": "~0.28.0"
      },
      "bin": {
        "tsx": "dist/cli.mjs"
      },
      "engines": {
        "node": ">=18.0.0"
      },
      "optionalDependencies": {
        "fsevents": "~2.3.3"
      }
    },
    "node_modules/typescript": {
      "version": "5.9.3",
      "resolved": "https://registry.npmjs.org/typescript/-/typescript-5.9.3.tgz",
      "integrity": "sha512-jl1vZzPDinLr9eUt3J/t7V6FgNEw9QjvBPdysz9KfQDD41fQrC2Y4vKQdiaUpFT4bXlb1RHhLpp8wtm6M5TgSw==",
      "dev": true,
      "license": "Apache-2.0",
      "bin": {
        "tsc": "bin/tsc",
        "tsserver": "bin/tsserver"
      },
      "engines": {
        "node": ">=14.17"
      }
    },
    "node_modules/undici-types": {
      "version": "6.21.0",
      "resolved": "https://registry.npmjs.org/undici-types/-/undici-types-6.21.0.tgz",
      "integrity": "sha512-iwDZqg0QAGrg9Rav5H4n0M64c3mkR59cJ6wQp+7C4nI0gsmExaedaYLNO44eT4AtBBwjbTiGPMlt2Md0T9H9JQ==",
      "dev": true,
      "license": "MIT"
    },
    "node_modules/use-sync-external-store": {
      "version": "1.6.0",
      "resolved": "https://registry.npmjs.org/use-sync-external-store/-/use-sync-external-store-1.6.0.tgz",
      "integrity": "sha512-Pp6GSwGP/NrPIrxVFAIkOQeyw8lFenOHijQWkUTrDvrF4ALqylP2C/KCkeS9dpUM3KvYRQhna5vt7IL95+ZQ9w==",
      "license": "MIT",
      "peerDependencies": {
        "react": "^16.8.0 || ^17.0.0 || ^18.0.0 || ^19.0.0"
      }
    },
    "node_modules/webidl-conversions": {
      "version": "7.0.0",
      "resolved": "https://registry.npmjs.org/webidl-conversions/-/webidl-conversions-7.0.0.tgz",
      "integrity": "sha512-VwddBukDzu71offAQR975unBIGqfKZpM+8ZX6ySk8nYhVoo5CYaZyzt3YBvYtRtO+aoGlqxPg/B87NGVZ/fu6g==",
      "license": "BSD-2-Clause",
      "engines": {
        "node": ">=12"
      }
    },
    "node_modules/whatwg-url": {
      "version": "14.2.0",
      "resolved": "https://registry.npmjs.org/whatwg-url/-/whatwg-url-14.2.0.tgz",
      "integrity": "sha512-De72GdQZzNTUBBChsXueQUnPKDkg/5A5zp7pFDuQAj5UFoENpiACU0wlCvzpAGnTkj++ihpKwKyYewn/XNUbKw==",
      "license": "MIT",
      "dependencies": {
        "tr46": "^5.1.0",
        "webidl-conversions": "^7.0.0"
      },
      "engines": {
        "node": ">=18"
      }
    },
    "node_modules/zod": {
      "version": "3.25.76",
      "resolved": "https://registry.npmjs.org/zod/-/zod-3.25.76.tgz",
      "integrity": "sha512-gzUt/qt81nXsFGKIFcC3YnfEAx5NkunCfnDlvuBSSFS02bcXu4Lmea0AFIUwbLWxWPx3d9p8S5QoaujKcNQxcQ==",
      "license": "MIT",
      "peer": true,
      "funding": {
        "url": "https://github.com/sponsors/colinhacks"
      }
    },
    "node_modules/zod-to-json-schema": {
      "version": "3.25.2",
      "resolved": "https://registry.npmjs.org/zod-to-json-schema/-/zod-to-json-schema-3.25.2.tgz",
      "integrity": "sha512-O/PgfnpT1xKSDeQYSCfRI5Gy3hPf91mKVDuYLUHZJMiDFptvP41MSnWofm8dnCm0256ZNfZIM7DSzuSMAFnjHA==",
      "license": "ISC",
      "peerDependencies": {
        "zod": "^3.25.28 || ^4"
      }
    }
  }
}
